
Microsoft Visual Studio Solution File, Format Version 12.00
# Visual Studio Version 17
VisualStudioVersion = 17.5.002.0
MinimumVisualStudioVersion = 10.0.40219.1
Project("{9A19103F-16F7-4668-BE54-9A1E7A4F7556}") = "RRS", "RRS\RRS.csproj", "{1C40379D-4B4D-48E5-B591-2858EDECC5CC}"
EndProject
Global
	GlobalSection(SolutionConfigurationPlatforms) = preSolution
		Debug|Any CPU = Debug|Any CPU
		Release|Any CPU = Release|Any CPU
	EndGlobalSection
	GlobalSection(ProjectConfigurationPlatforms) = postSolution
		{1C40379D-4B4D-48E5-B591-2858EDECC5CC}.Debug|Any CPU.ActiveCfg = Debug|Any CPU
		{1C40379D-4B4D-48E5-B591-2858EDECC5CC}.Debug|Any CPU.Build.0 = Debug|Any CPU
		{1C40379D-4B4D-48E5-B591-2858EDECC5CC}.Release|Any CPU.ActiveCfg = Release|Any CPU
		{1C40379D-4B4D-48E5-B591-2858EDECC5CC}.Release|Any CPU.Build.0 = Release|Any CPU
	EndGlobalSection
	GlobalSection(SolutionProperties) = preSolution
		HideSolutionNode = FALSE
	EndGlobalSection
	GlobalSection(ExtensibilityGlobals) = postSolution
		SolutionGuid = {A9F52FEA-496C-467F-9261-1A83D96DD9DA}
	EndGlobalSection
EndGlobal
